
Microsoft Visual Studio Solution File, Format Version 12.00
# Visual Studio 14
VisualStudioVersion = 14.0.25420.1
MinimumVisualStudioVersion = 10.0.40219.1
Project("{2150E333-8FDC-42A3-9474-1A3956D46DE8}") = "02.Service", "02.Service", "{D2C73FEA-F14C-430E-8C1C-012D42660C46}"
EndProject
Project("{2150E333-8FDC-42A3-9474-1A3956D46DE8}") = "05.Common", "05.Common", "{87717949-8DBB-4051-BB3B-CF03CB9F8504}"
EndProject
Project("{2150E333-8FDC-42A3-9474-1A3956D46DE8}") = "01.UI", "01.UI", "{20286192-6795-4E01-9070-CBF3BA2FCCD7}"
EndProject
Project("{2150E333-8FDC-42A3-9474-1A3956D46DE8}") = "04.Model", "04.Model", "{06ED7170-1903-4F74-AA49-C2D2F4F2997D}"
EndProject
Project("{2150E333-8FDC-42A3-9474-1A3956D46DE8}") = "03.DAL", "03.DAL", "{5DD719E5-5D95-4FA7-9FE9-8633205325B3}"
EndProject
Project("{FAE04EC0-301F-11D3-BF4B-00C04F79EFBC}") = "AdminWeb", "AdminWeb\AdminWeb.csproj", "{675C1F83-2252-4397-B3D5-CAF9B7AD1955}"
EndProject
Project("{FAE04EC0-301F-11D3-BF4B-00C04F79EFBC}") = "ZSZ.DAL", "ZSZ.DAL\ZSZ.DAL.csproj", "{4F2E1B6B-1CF4-4B68-BC4D-82F1F122CD10}"
EndProject
Project("{FAE04EC0-301F-11D3-BF4B-00C04F79EFBC}") = "ZSZ.Model", "ZSZ.Model\ZSZ.Model.csproj", "{90088380-92B4-4BE6-A6F4-93E6E6FA03A2}"
EndProject
Project("{FAE04EC0-301F-11D3-BF4B-00C04F79EFBC}") = "ZSZ.Common", "ZSZ.Common\ZSZ.Common.csproj", "{3B8F4736-32E2-43BA-986E-97FF5BA56BD9}"
EndProject
Project("{FAE04EC0-301F-11D3-BF4B-00C04F79EFBC}") = "ZSZ.IDAL", "ZSZ.IDAL\ZSZ.IDAL.csproj", "{8AD297B5-824E-4955-869C-462D8C1D7843}"
EndProject
Project("{FAE04EC0-301F-11D3-BF4B-00C04F79EFBC}") = "ZSZ.Service", "ZSZ.Service\ZSZ.Service.csproj", "{0495291A-9AFD-4015-B8E8-51C51CF95C84}"
EndProject
Project("{FAE04EC0-301F-11D3-BF4B-00C04F79EFBC}") = "ZSZ.IService", "ZSZ.IService\ZSZ.IService.csproj", "{982E908E-D165-444F-BFAD-B23117E80541}"
EndProject
Project("{2150E333-8FDC-42A3-9474-1A3956D46DE8}") = "06.UnitTest", "06.UnitTest", "{99CF489C-B7ED-4C64-ADAA-433003039157}"
EndProject
Project("{FAE04EC0-301F-11D3-BF4B-00C04F79EFBC}") = "AdminUIUnitTest", "AdminUIUnitTest\AdminUIUnitTest.csproj", "{F8CAD6FB-72DC-4151-9426-6AC82B123070}"
EndProject
Global
	GlobalSection(SolutionConfigurationPlatforms) = preSolution
		Debug|Any CPU = Debug|Any CPU
		Release|Any CPU = Release|Any CPU
	EndGlobalSection
	GlobalSection(ProjectConfigurationPlatforms) = postSolution
		{675C1F83-2252-4397-B3D5-CAF9B7AD1955}.Debug|Any CPU.ActiveCfg = Debug|Any CPU
		{675C1F83-2252-4397-B3D5-CAF9B7AD1955}.Debug|Any CPU.Build.0 = Debug|Any CPU
		{675C1F83-2252-4397-B3D5-CAF9B7AD1955}.Release|Any CPU.ActiveCfg = Release|Any CPU
		{675C1F83-2252-4397-B3D5-CAF9B7AD1955}.Release|Any CPU.Build.0 = Release|Any CPU
		{4F2E1B6B-1CF4-4B68-BC4D-82F1F122CD10}.Debug|Any CPU.ActiveCfg = Debug|Any CPU
		{4F2E1B6B-1CF4-4B68-BC4D-82F1F122CD10}.Debug|Any CPU.Build.0 = Debug|Any CPU
		{4F2E1B6B-1CF4-4B68-BC4D-82F1F122CD10}.Release|Any CPU.ActiveCfg = Release|Any CPU
		{4F2E1B6B-1CF4-4B68-BC4D-82F1F122CD10}.Release|Any CPU.Build.0 = Release|Any CPU
		{90088380-92B4-4BE6-A6F4-93E6E6FA03A2}.Debug|Any CPU.ActiveCfg = Debug|Any CPU
		{90088380-92B4-4BE6-A6F4-93E6E6FA03A2}.Debug|Any CPU.Build.0 = Debug|Any CPU
		{90088380-92B4-4BE6-A6F4-93E6E6FA03A2}.Release|Any CPU.ActiveCfg = Release|Any CPU
		{90088380-92B4-4BE6-A6F4-93E6E6FA03A2}.Release|Any CPU.Build.0 = Release|Any CPU
		{3B8F4736-32E2-43BA-986E-97FF5BA56BD9}.Debug|Any CPU.ActiveCfg = Debug|Any CPU
		{3B8F4736-32E2-43BA-986E-97FF5BA56BD9}.Debug|Any CPU.Build.0 = Debug|Any CPU
		{3B8F4736-32E2-43BA-986E-97FF5BA56BD9}.Release|Any CPU.ActiveCfg = Release|Any CPU
		{3B8F4736-32E2-43BA-986E-97FF5BA56BD9}.Release|Any CPU.Build.0 = Release|Any CPU
		{8AD297B5-824E-4955-869C-462D8C1D7843}.Debug|Any CPU.ActiveCfg = Debug|Any CPU
		{8AD297B5-824E-4955-869C-462D8C1D7843}.Debug|Any CPU.Build.0 = Debug|Any CPU
		{8AD297B5-824E-4955-869C-462D8C1D7843}.Release|Any CPU.ActiveCfg = Release|Any CPU
		{8AD297B5-824E-4955-869C-462D8C1D7843}.Release|Any CPU.Build.0 = Release|Any CPU
		{0495291A-9AFD-4015-B8E8-51C51CF95C84}.Debug|Any CPU.ActiveCfg = Debug|Any CPU
		{0495291A-9AFD-4015-B8E8-51C51CF95C84}.Debug|Any CPU.Build.0 = Debug|Any CPU
		{0495291A-9AFD-4015-B8E8-51C51CF95C84}.Release|Any CPU.ActiveCfg = Release|Any CPU
		{0495291A-9AFD-4015-B8E8-51C51CF95C84}.Release|Any CPU.Build.0 = Release|Any CPU
		{982E908E-D165-444F-BFAD-B23117E80541}.Debug|Any CPU.ActiveCfg = Debug|Any CPU
		{982E908E-D165-444F-BFAD-B23117E80541}.Debug|Any CPU.Build.0 = Debug|Any CPU
		{982E908E-D165-444F-BFAD-B23117E80541}.Release|Any CPU.ActiveCfg = Release|Any CPU
		{982E908E-D165-444F-BFAD-B23117E80541}.Release|Any CPU.Build.0 = Release|Any CPU
		{F8CAD6FB-72DC-4151-9426-6AC82B123070}.Debug|Any CPU.ActiveCfg = Debug|Any CPU
		{F8CAD6FB-72DC-4151-9426-6AC82B123070}.Debug|Any CPU.Build.0 = Debug|Any CPU
		{F8CAD6FB-72DC-4151-9426-6AC82B123070}.Release|Any CPU.ActiveCfg = Release|Any CPU
		{F8CAD6FB-72DC-4151-9426-6AC82B123070}.Release|Any CPU.Build.0 = Release|Any CPU
	EndGlobalSection
	GlobalSection(SolutionProperties) = preSolution
		HideSolutionNode = FALSE
	EndGlobalSection
	GlobalSection(NestedProjects) = preSolution
		{675C1F83-2252-4397-B3D5-CAF9B7AD1955} = {20286192-6795-4E01-9070-CBF3BA2FCCD7}
		{4F2E1B6B-1CF4-4B68-BC4D-82F1F122CD10} = {5DD719E5-5D95-4FA7-9FE9-8633205325B3}
		{90088380-92B4-4BE6-A6F4-93E6E6FA03A2} = {06ED7170-1903-4F74-AA49-C2D2F4F2997D}
		{3B8F4736-32E2-43BA-986E-97FF5BA56BD9} = {87717949-8DBB-4051-BB3B-CF03CB9F8504}
		{8AD297B5-824E-4955-869C-462D8C1D7843} = {5DD719E5-5D95-4FA7-9FE9-8633205325B3}
		{0495291A-9AFD-4015-B8E8-51C51CF95C84} = {D2C73FEA-F14C-430E-8C1C-012D42660C46}
		{982E908E-D165-444F-BFAD-B23117E80541} = {D2C73FEA-F14C-430E-8C1C-012D42660C46}
		{F8CAD6FB-72DC-4151-9426-6AC82B123070} = {99CF489C-B7ED-4C64-ADAA-433003039157}
	EndGlobalSection
	GlobalSection(ExtensibilityGlobals) = postSolution
		SolutionGuid = {2C09D8F3-1A1C-4A4E-BAC1-91A50B7C7F23}
	EndGlobalSection
EndGlobal
